# Optional local source recovery; install after requirements.lock and requirements-embeddings.lock.
# Verified Windows x64 / Python 3.13.2; model hashes are in evidence/openstax/ocr/models.lock.json.
antlr4-python3-runtime==4.9.3
colorlog==6.12.0
flatbuffers==25.12.19
omegaconf==2.3.1
onnxruntime==1.29.0
opencv-python==5.0.0.93
protobuf==7.36.1
pyclipper==1.4.0
pymupdf==1.28.2
rapidocr==3.9.2
shapely==2.1.2
six==1.17.0
